// !$*UTF8*$!
{
	archiveVersion = 1;
	classes = {
	};
	objectVersion = 56;
	objects = {

/* Begin PBXBuildFile section */
		D21CC9232B8D70DA00A91864 /* KakeiboApp.swift in Sources */ = {isa = PBXBuildFile; fileRef = D21CC9222B8D70DA00A91864 /* KakeiboApp.swift */; };
		D21CC9252B8D70DA00A91864 /* ContentView.swift in Sources */ = {isa = PBXBuildFile; fileRef = D21CC9242B8D70DA00A91864 /* ContentView.swift */; };
		D21CC9272B8D70DA00A91864 /* Item.swift in Sources */ = {isa = PBXBuildFile; fileRef = D21CC9262B8D70DA00A91864 /* Item.swift */; };
		D21CC9292B8D70DD00A91864 /* Assets.xcassets in Resources */ = {isa = PBXBuildFile; fileRef = D21CC9282B8D70DD00A91864 /* Assets.xcassets */; };
		D21CC92C2B8D70DD00A91864 /* Preview Assets.xcassets in Resources */ = {isa = PBXBuildFile; fileRef = D21CC92B2B8D70DD00A91864 /* Preview Assets.xcassets */; };
		D21CC9372B8D70DE00A91864 /* KakeiboTests.swift in Sources */ = {isa = PBXBuildFile; fileRef = D21CC9362B8D70DE00A91864 /* KakeiboTests.swift */; };
		D21CC9412B8D70DE00A91864 /* KakeiboUITests.swift in Sources */ = {isa = PBXBuildFile; fileRef = D21CC9402B8D70DE00A91864 /* KakeiboUITests.swift */; };
		D21CC9432B8D70DE00A91864 /* KakeiboUITestsLaunchTests.swift in Sources */ = {isa = PBXBuildFile; fileRef = D21CC9422B8D70DE00A91864 /* KakeiboUITestsLaunchTests.swift */; };
		D21CC9542B8D760400A91864 /* KakeiboModel.swift in Sources */ = {isa = PBXBuildFile; fileRef = D21CC9532B8D760400A91864 /* KakeiboModel.swift */; };
		D21CC9572B8D7E8500A91864 /* DataCRUD.swift in Sources */ = {isa = PBXBuildFile; fileRef = D21CC9562B8D7E8500A91864 /* DataCRUD.swift */; };
		D21CC9592B8D808D00A91864 /* DataCRUDTest.swift in Sources */ = {isa = PBXBuildFile; fileRef = D21CC9582B8D808D00A91864 /* DataCRUDTest.swift */; };
		D21CC95C2B91A99C00A91864 /* TestModel.swift in Sources */ = {isa = PBXBuildFile; fileRef = D21CC95B2B91A99C00A91864 /* TestModel.swift */; };
		D21CC95E2B91AE3400A91864 /* TestViewModel.swift in Sources */ = {isa = PBXBuildFile; fileRef = D21CC95D2B91AE3400A91864 /* TestViewModel.swift */; };
		D21CC9622B91C1B900A91864 /* MyTools.swift in Sources */ = {isa = PBXBuildFile; fileRef = D21CC9612B91C1B900A91864 /* MyTools.swift */; };
		D21CC9662B91C2FD00A91864 /* DataCRUD.swift in Sources */ = {isa = PBXBuildFile; fileRef = D21CC9642B91C2FD00A91864 /* DataCRUD.swift */; };
		D21CC9672B91C2FD00A91864 /* MyTools.swift in Sources */ = {isa = PBXBuildFile; fileRef = D21CC9652B91C2FD00A91864 /* MyTools.swift */; };
		D21CC9702B91C4AB00A91864 /* SideBarView.swift in Sources */ = {isa = PBXBuildFile; fileRef = D21CC96F2B91C4AB00A91864 /* SideBarView.swift */; };
		D21CC9722B91C61200A91864 /* ContentBarView.swift in Sources */ = {isa = PBXBuildFile; fileRef = D21CC9712B91C61200A91864 /* ContentBarView.swift */; };
		D28A905C2B9BE95800D3617D /* KakeiboDetailView.swift in Sources */ = {isa = PBXBuildFile; fileRef = D28A905B2B9BE95800D3617D /* KakeiboDetailView.swift */; };
		D28A90602B9C056700D3617D /* UserRegistView.swift in Sources */ = {isa = PBXBuildFile; fileRef = D28A905F2B9C056700D3617D /* UserRegistView.swift */; };
		D28A90632B9C058600D3617D /* UserLoginView.swift in Sources */ = {isa = PBXBuildFile; fileRef = D28A90622B9C058600D3617D /* UserLoginView.swift */; };
		D28A90682B9C0D2200D3617D /* UserSheetViewModel.swift in Sources */ = {isa = PBXBuildFile; fileRef = D28A90672B9C0D2200D3617D /* UserSheetViewModel.swift */; };
		D28A906A2B9C0D5500D3617D /* UserSheetModel.swift in Sources */ = {isa = PBXBuildFile; fileRef = D28A90692B9C0D5500D3617D /* UserSheetModel.swift */; };
/* End PBXBuildFile section */

/* Begin PBXContainerItemProxy section */
		D21CC9332B8D70DE00A91864 /* PBXContainerItemProxy */ = {
			isa = PBXContainerItemProxy;
			containerPortal = D21CC9172B8D70DA00A91864 /* Project object */;
			proxyType = 1;
			remoteGlobalIDString = D21CC91E2B8D70DA00A91864;
			remoteInfo = Kakeibo;
		};
		D21CC93D2B8D70DE00A91864 /* PBXContainerItemProxy */ = {
			isa = PBXContainerItemProxy;
			containerPortal = D21CC9172B8D70DA00A91864 /* Project object */;
			proxyType = 1;
			remoteGlobalIDString = D21CC91E2B8D70DA00A91864;
			remoteInfo = Kakeibo;
		};
/* End PBXContainerItemProxy section */

/* Begin PBXFileReference section */
		D21CC91F2B8D70DA00A91864 /* Kakeibo.app */ = {isa = PBXFileReference; explicitFileType = wrapper.application; includeInIndex = 0; path = Kakeibo.app; sourceTree = BUILT_PRODUCTS_DIR; };
		D21CC9222B8D70DA00A91864 /* KakeiboApp.swift */ = {isa = PBXFileReference; lastKnownFileType = sourcecode.swift; path = KakeiboApp.swift; sourceTree = "<group>"; };
		D21CC9242B8D70DA00A91864 /* ContentView.swift */ = {isa = PBXFileReference; lastKnownFileType = sourcecode.swift; path = ContentView.swift; sourceTree = "<group>"; };
		D21CC9262B8D70DA00A91864 /* Item.swift */ = {isa = PBXFileReference; lastKnownFileType = sourcecode.swift; path = Item.swift; sourceTree = "<group>"; };
		D21CC9282B8D70DD00A91864 /* Assets.xcassets */ = {isa = PBXFileReference; lastKnownFileType = folder.assetcatalog; path = Assets.xcassets; sourceTree = "<group>"; };
		D21CC92B2B8D70DD00A91864 /* Preview Assets.xcassets */ = {isa = PBXFileReference; lastKnownFileType = folder.assetcatalog; path = "Preview Assets.xcassets"; sourceTree = "<group>"; };
		D21CC92D2B8D70DD00A91864 /* Kakeibo.entitlements */ = {isa = PBXFileReference; lastKnownFileType = text.plist.entitlements; path = Kakeibo.entitlements; sourceTree = "<group>"; };
		D21CC9322B8D70DE00A91864 /* KakeiboTests.xctest */ = {isa = PBXFileReference; explicitFileType = wrapper.cfbundle; includeInIndex = 0; path = KakeiboTests.xctest; sourceTree = BUILT_PRODUCTS_DIR; };
		D21CC9362B8D70DE00A91864 /* KakeiboTests.swift */ = {isa = PBXFileReference; lastKnownFileType = sourcecode.swift; path = KakeiboTests.swift; sourceTree = "<group>"; };
		D21CC93C2B8D70DE00A91864 /* KakeiboUITests.xctest */ = {isa = PBXFileReference; explicitFileType = wrapper.cfbundle; includeInIndex = 0; path = KakeiboUITests.xctest; sourceTree = BUILT_PRODUCTS_DIR; };
		D21CC9402B8D70DE00A91864 /* KakeiboUITests.swift */ = {isa = PBXFileReference; lastKnownFileType = sourcecode.swift; path = KakeiboUITests.swift; sourceTree = "<group>"; };
		D21CC9422B8D70DE00A91864 /* KakeiboUITestsLaunchTests.swift */ = {isa = PBXFileReference; lastKnownFileType = sourcecode.swift; path = KakeiboUITestsLaunchTests.swift; sourceTree = "<group>"; };
		D21CC9532B8D760400A91864 /* KakeiboModel.swift */ = {isa = PBXFileReference; lastKnownFileType = sourcecode.swift; path = KakeiboModel.swift; sourceTree = "<group>"; };
		D21CC9562B8D7E8500A91864 /* DataCRUD.swift */ = {isa = PBXFileReference; lastKnownFileType = sourcecode.swift; path = DataCRUD.swift; sourceTree = "<group>"; };
		D21CC9582B8D808D00A91864 /* DataCRUDTest.swift */ = {isa = PBXFileReference; lastKnownFileType = sourcecode.swift; path = DataCRUDTest.swift; sourceTree = "<group>"; };
		D21CC95B2B91A99C00A91864 /* TestModel.swift */ = {isa = PBXFileReference; lastKnownFileType = sourcecode.swift; path = TestModel.swift; sourceTree = "<group>"; };
		D21CC95D2B91AE3400A91864 /* TestViewModel.swift */ = {isa = PBXFileReference; lastKnownFileType = sourcecode.swift; path = TestViewModel.swift; sourceTree = "<group>"; };
		D21CC9612B91C1B900A91864 /* MyTools.swift */ = {isa = PBXFileReference; lastKnownFileType = sourcecode.swift; path = MyTools.swift; sourceTree = "<group>"; };
		D21CC9642B91C2FD00A91864 /* DataCRUD.swift */ = {isa = PBXFileReference; fileEncoding = 4; lastKnownFileType = sourcecode.swift; path = DataCRUD.swift; sourceTree = "<group>"; };
		D21CC9652B91C2FD00A91864 /* MyTools.swift */ = {isa = PBXFileReference; fileEncoding = 4; lastKnownFileType = sourcecode.swift; path = MyTools.swift; sourceTree = "<group>"; };
		D21CC96F2B91C4AB00A91864 /* SideBarView.swift */ = {isa = PBXFileReference; lastKnownFileType = sourcecode.swift; path = SideBarView.swift; sourceTree = "<group>"; };
		D21CC9712B91C61200A91864 /* ContentBarView.swift */ = {isa = PBXFileReference; lastKnownFileType = sourcecode.swift; path = ContentBarView.swift; sourceTree = "<group>"; };
		D28A905B2B9BE95800D3617D /* KakeiboDetailView.swift */ = {isa = PBXFileReference; lastKnownFileType = sourcecode.swift; path = KakeiboDetailView.swift; sourceTree = "<group>"; };
		D28A905F2B9C056700D3617D /* UserRegistView.swift */ = {isa = PBXFileReference; lastKnownFileType = sourcecode.swift; path = UserRegistView.swift; sourceTree = "<group>"; };
		D28A90622B9C058600D3617D /* UserLoginView.swift */ = {isa = PBXFileReference; lastKnownFileType = sourcecode.swift; path = UserLoginView.swift; sourceTree = "<group>"; };
		D28A90672B9C0D2200D3617D /* UserSheetViewModel.swift */ = {isa = PBXFileReference; lastKnownFileType = sourcecode.swift; path = UserSheetViewModel.swift; sourceTree = "<group>"; };
		D28A90692B9C0D5500D3617D /* UserSheetModel.swift */ = {isa = PBXFileReference; lastKnownFileType = sourcecode.swift; path = UserSheetModel.swift; sourceTree = "<group>"; };
/* End PBXFileReference section */

/* Begin PBXFrameworksBuildPhase section */
		D21CC91C2B8D70DA00A91864 /* Frameworks */ = {
			isa = PBXFrameworksBuildPhase;
			buildActionMask = 2147483647;
			files = (
			);
			runOnlyForDeploymentPostprocessing = 0;
		};
		D21CC92F2B8D70DE00A91864 /* Frameworks */ = {
			isa = PBXFrameworksBuildPhase;
			buildActionMask = 2147483647;
			files = (
			);
			runOnlyForDeploymentPostprocessing = 0;
		};
		D21CC9392B8D70DE00A91864 /* Frameworks */ = {
			isa = PBXFrameworksBuildPhase;
			buildActionMask = 2147483647;
			files = (
			);
			runOnlyForDeploymentPostprocessing = 0;
		};
/* End PBXFrameworksBuildPhase section */

/* Begin PBXGroup section */
		D21CC9162B8D70DA00A91864 = {
			isa = PBXGroup;
			children = (
				D21CC9212B8D70DA00A91864 /* Kakeibo */,
				D21CC9352B8D70DE00A91864 /* KakeiboTests */,
				D21CC93F2B8D70DE00A91864 /* KakeiboUITests */,
				D21CC9202B8D70DA00A91864 /* Products */,
			);
			sourceTree = "<group>";
		};
		D21CC9202B8D70DA00A91864 /* Products */ = {
			isa = PBXGroup;
			children = (
				D21CC91F2B8D70DA00A91864 /* Kakeibo.app */,
				D21CC9322B8D70DE00A91864 /* KakeiboTests.xctest */,
				D21CC93C2B8D70DE00A91864 /* KakeiboUITests.xctest */,
			);
			name = Products;
			sourceTree = "<group>";
		};
		D21CC9212B8D70DA00A91864 /* Kakeibo */ = {
			isa = PBXGroup;
			children = (
				D28A905D2B9C054300D3617D /* Mneu */,
				D21CC95A2B91A98500A91864 /* TestData */,
				D21CC9552B8D7E6600A91864 /* Tools */,
				D21CC9222B8D70DA00A91864 /* KakeiboApp.swift */,
				D21CC9512B8D75B800A91864 /* DetailGroup */,
				D21CC9502B8D75B000A91864 /* ContentsGroup */,
				D21CC94F2B8D75A100A91864 /* SideBarGroup */,
				D21CC9242B8D70DA00A91864 /* ContentView.swift */,
				D21CC9262B8D70DA00A91864 /* Item.swift */,
				D21CC9532B8D760400A91864 /* KakeiboModel.swift */,
				D21CC9282B8D70DD00A91864 /* Assets.xcassets */,
				D21CC92D2B8D70DD00A91864 /* Kakeibo.entitlements */,
				D21CC92A2B8D70DD00A91864 /* Preview Content */,
			);
			path = Kakeibo;
			sourceTree = "<group>";
		};
		D21CC92A2B8D70DD00A91864 /* Preview Content */ = {
			isa = PBXGroup;
			children = (
				D21CC92B2B8D70DD00A91864 /* Preview Assets.xcassets */,
			);
			path = "Preview Content";
			sourceTree = "<group>";
		};
		D21CC9352B8D70DE00A91864 /* KakeiboTests */ = {
			isa = PBXGroup;
			children = (
				D21CC9362B8D70DE00A91864 /* KakeiboTests.swift */,
				D21CC9582B8D808D00A91864 /* DataCRUDTest.swift */,
			);
			path = KakeiboTests;
			sourceTree = "<group>";
		};
		D21CC93F2B8D70DE00A91864 /* KakeiboUITests */ = {
			isa = PBXGroup;
			children = (
				D21CC9402B8D70DE00A91864 /* KakeiboUITests.swift */,
				D21CC9422B8D70DE00A91864 /* KakeiboUITestsLaunchTests.swift */,
			);
			path = KakeiboUITests;
			sourceTree = "<group>";
		};
		D21CC94F2B8D75A100A91864 /* SideBarGroup */ = {
			isa = PBXGroup;
			children = (
				D21CC96F2B91C4AB00A91864 /* SideBarView.swift */,
			);
			path = SideBarGroup;
			sourceTree = "<group>";
		};
		D21CC9502B8D75B000A91864 /* ContentsGroup */ = {
			isa = PBXGroup;
			children = (
				D21CC9712B91C61200A91864 /* ContentBarView.swift */,
			);
			path = ContentsGroup;
			sourceTree = "<group>";
		};
		D21CC9512B8D75B800A91864 /* DetailGroup */ = {
			isa = PBXGroup;
			children = (
				D28A905B2B9BE95800D3617D /* KakeiboDetailView.swift */,
			);
			path = DetailGroup;
			sourceTree = "<group>";
		};
		D21CC9552B8D7E6600A91864 /* Tools */ = {
			isa = PBXGroup;
			children = (
				D21CC9562B8D7E8500A91864 /* DataCRUD.swift */,
				D21CC9612B91C1B900A91864 /* MyTools.swift */,
				D21CC9632B91C2FD00A91864 /* Tools */,
			);
			path = Tools;
			sourceTree = "<group>";
		};
		D21CC95A2B91A98500A91864 /* TestData */ = {
			isa = PBXGroup;
			children = (
				D21CC95B2B91A99C00A91864 /* TestModel.swift */,
				D21CC95D2B91AE3400A91864 /* TestViewModel.swift */,
			);
			path = TestData;
			sourceTree = "<group>";
		};
		D21CC9632B91C2FD00A91864 /* Tools */ = {
			isa = PBXGroup;
			children = (
				D21CC9642B91C2FD00A91864 /* DataCRUD.swift */,
				D21CC9652B91C2FD00A91864 /* MyTools.swift */,
			);
			name = Tools;
			sourceTree = "<group>";
		};
		D28A905D2B9C054300D3617D /* Mneu */ = {
			isa = PBXGroup;
			children = (
				D28A905E2B9C055200D3617D /* User */,
			);
			path = Mneu;
			sourceTree = "<group>";
		};
		D28A905E2B9C055200D3617D /* User */ = {
			isa = PBXGroup;
			children = (
				D28A905F2B9C056700D3617D /* UserRegistView.swift */,
				D28A90672B9C0D2200D3617D /* UserSheetViewModel.swift */,
				D28A90622B9C058600D3617D /* UserLoginView.swift */,
				D28A90692B9C0D5500D3617D /* UserSheetModel.swift */,
			);
			path = User;
			sourceTree = "<group>";
		};
/* End PBXGroup section */

/* Begin PBXNativeTarget section */
		D21CC91E2B8D70DA00A91864 /* Kakeibo */ = {
			isa = PBXNativeTarget;
			buildConfigurationList = D21CC9462B8D70DE00A91864 /* Build configuration list for PBXNativeTarget "Kakeibo" */;
			buildPhases = (
				D21CC91B2B8D70DA00A91864 /* Sources */,
				D21CC91C2B8D70DA00A91864 /* Frameworks */,
				D21CC91D2B8D70DA00A91864 /* Resources */,
			);
			buildRules = (
			);
			dependencies = (
			);
			name = Kakeibo;
			productName = Kakeibo;
			productReference = D21CC91F2B8D70DA00A91864 /* Kakeibo.app */;
			productType = "com.apple.product-type.application";
		};
		D21CC9312B8D70DE00A91864 /* KakeiboTests */ = {
			isa = PBXNativeTarget;
			buildConfigurationList = D21CC9492B8D70DE00A91864 /* Build configuration list for PBXNativeTarget "KakeiboTests" */;
			buildPhases = (
				D21CC92E2B8D70DE00A91864 /* Sources */,
				D21CC92F2B8D70DE00A91864 /* Frameworks */,
				D21CC9302B8D70DE00A91864 /* Resources */,
			);
			buildRules = (
			);
			dependencies = (
				D21CC9342B8D70DE00A91864 /* PBXTargetDependency */,
			);
			name = KakeiboTests;
			productName = KakeiboTests;
			productReference = D21CC9322B8D70DE00A91864 /* KakeiboTests.xctest */;
			productType = "com.apple.product-type.bundle.unit-test";
		};
		D21CC93B2B8D70DE00A91864 /* KakeiboUITests */ = {
			isa = PBXNativeTarget;
			buildConfigurationList = D21CC94C2B8D70DE00A91864 /* Build configuration list for PBXNativeTarget "KakeiboUITests" */;
			buildPhases = (
				D21CC9382B8D70DE00A91864 /* Sources */,
				D21CC9392B8D70DE00A91864 /* Frameworks */,
				D21CC93A2B8D70DE00A91864 /* Resources */,
			);
			buildRules = (
			);
			dependencies = (
				D21CC93E2B8D70DE00A91864 /* PBXTargetDependency */,
			);
			name = KakeiboUITests;
			productName = KakeiboUITests;
			productReference = D21CC93C2B8D70DE00A91864 /* KakeiboUITests.xctest */;
			productType = "com.apple.product-type.bundle.ui-testing";
		};
/* End PBXNativeTarget section */

/* Begin PBXProject section */
		D21CC9172B8D70DA00A91864 /* Project object */ = {
			isa = PBXProject;
			attributes = {
				BuildIndependentTargetsInParallel = 1;
				LastSwiftUpdateCheck = 1510;
				LastUpgradeCheck = 1510;
				TargetAttributes = {
					D21CC91E2B8D70DA00A91864 = {
						CreatedOnToolsVersion = 15.1;
					};
					D21CC9312B8D70DE00A91864 = {
						CreatedOnToolsVersion = 15.1;
						TestTargetID = D21CC91E2B8D70DA00A91864;
					};
					D21CC93B2B8D70DE00A91864 = {
						CreatedOnToolsVersion = 15.1;
						TestTargetID = D21CC91E2B8D70DA00A91864;
					};
				};
			};
			buildConfigurationList = D21CC91A2B8D70DA00A91864 /* Build configuration list for PBXProject "Kakeibo" */;
			compatibilityVersion = "Xcode 14.0";
			developmentRegion = en;
			hasScannedForEncodings = 0;
			knownRegions = (
				en,
				Base,
			);
			mainGroup = D21CC9162B8D70DA00A91864;
			productRefGroup = D21CC9202B8D70DA00A91864 /* Products */;
			projectDirPath = "";
			projectRoot = "";
			targets = (
				D21CC91E2B8D70DA00A91864 /* Kakeibo */,
				D21CC9312B8D70DE00A91864 /* KakeiboTests */,
				D21CC93B2B8D70DE00A91864 /* KakeiboUITests */,
			);
		};
/* End PBXProject section */

/* Begin PBXResourcesBuildPhase section */
		D21CC91D2B8D70DA00A91864 /* Resources */ = {
			isa = PBXResourcesBuildPhase;
			buildActionMask = 2147483647;
			files = (
				D21CC92C2B8D70DD00A91864 /* Preview Assets.xcassets in Resources */,
				D21CC9292B8D70DD00A91864 /* Assets.xcassets in Resources */,
			);
			runOnlyForDeploymentPostprocessing = 0;
		};
		D21CC9302B8D70DE00A91864 /* Resources */ = {
			isa = PBXResourcesBuildPhase;
			buildActionMask = 2147483647;
			files = (
			);
			runOnlyForDeploymentPostprocessing = 0;
		};
		D21CC93A2B8D70DE00A91864 /* Resources */ = {
			isa = PBXResourcesBuildPhase;
			buildActionMask = 2147483647;
			files = (
			);
			runOnlyForDeploymentPostprocessing = 0;
		};
/* End PBXResourcesBuildPhase section */

/* Begin PBXSourcesBuildPhase section */
		D21CC91B2B8D70DA00A91864 /* Sources */ = {
			isa = PBXSourcesBuildPhase;
			buildActionMask = 2147483647;
			files = (
				D28A90632B9C058600D3617D /* UserLoginView.swift in Sources */,
				D21CC9662B91C2FD00A91864 /* DataCRUD.swift in Sources */,
				D21CC9542B8D760400A91864 /* KakeiboModel.swift in Sources */,
				D21CC9722B91C61200A91864 /* ContentBarView.swift in Sources */,
				D21CC9622B91C1B900A91864 /* MyTools.swift in Sources */,
				D21CC9572B8D7E8500A91864 /* DataCRUD.swift in Sources */,
				D21CC9252B8D70DA00A91864 /* ContentView.swift in Sources */,
				D21CC9702B91C4AB00A91864 /* SideBarView.swift in Sources */,
				D28A90602B9C056700D3617D /* UserRegistView.swift in Sources */,
				D28A90682B9C0D2200D3617D /* UserSheetViewModel.swift in Sources */,
				D21CC95C2B91A99C00A91864 /* TestModel.swift in Sources */,
				D28A906A2B9C0D5500D3617D /* UserSheetModel.swift in Sources */,
				D21CC9272B8D70DA00A91864 /* Item.swift in Sources */,
				D21CC95E2B91AE3400A91864 /* TestViewModel.swift in Sources */,
				D21CC9232B8D70DA00A91864 /* KakeiboApp.swift in Sources */,
				D21CC9672B91C2FD00A91864 /* MyTools.swift in Sources */,
				D28A905C2B9BE95800D3617D /* KakeiboDetailView.swift in Sources */,
			);
			runOnlyForDeploymentPostprocessing = 0;
		};
		D21CC92E2B8D70DE00A91864 /* Sources */ = {
			isa = PBXSourcesBuildPhase;
			buildActionMask = 2147483647;
			files = (
				D21CC9372B8D70DE00A91864 /* KakeiboTests.swift in Sources */,
				D21CC9592B8D808D00A91864 /* DataCRUDTest.swift in Sources */,
			);
			runOnlyForDeploymentPostprocessing = 0;
		};
		D21CC9382B8D70DE00A91864 /* Sources */ = {
			isa = PBXSourcesBuildPhase;
			buildActionMask = 2147483647;
			files = (
				D21CC9412B8D70DE00A91864 /* KakeiboUITests.swift in Sources */,
				D21CC9432B8D70DE00A91864 /* KakeiboUITestsLaunchTests.swift in Sources */,
			);
			runOnlyForDeploymentPostprocessing = 0;
		};
/* End PBXSourcesBuildPhase section */

/* Begin PBXTargetDependency section */
		D21CC9342B8D70DE00A91864 /* PBXTargetDependency */ = {
			isa = PBXTargetDependency;
			target = D21CC91E2B8D70DA00A91864 /* Kakeibo */;
			targetProxy = D21CC9332B8D70DE00A91864 /* PBXContainerItemProxy */;
		};
		D21CC93E2B8D70DE00A91864 /* PBXTargetDependency */ = {
			isa = PBXTargetDependency;
			target = D21CC91E2B8D70DA00A91864 /* Kakeibo */;
			targetProxy = D21CC93D2B8D70DE00A91864 /* PBXContainerItemProxy */;
		};
/* End PBXTargetDependency section */

/* Begin XCBuildConfiguration section */
		D21CC9442B8D70DE00A91864 /* Debug */ = {
			isa = XCBuildConfiguration;
			buildSettings = {
				ALWAYS_SEARCH_USER_PATHS = NO;
				ASSETCATALOG_COMPILER_GENERATE_SWIFT_ASSET_SYMBOL_EXTENSIONS = YES;
				CLANG_ANALYZER_NONNULL = YES;
				CLANG_ANALYZER_NUMBER_OBJECT_CONVERSION = YES_AGGRESSIVE;
				CLANG_CXX_LANGUAGE_STANDARD = "gnu++20";
				CLANG_ENABLE_MODULES = YES;
				CLANG_ENABLE_OBJC_ARC = YES;
				CLANG_ENABLE_OBJC_WEAK = YES;
				CLANG_WARN_BLOCK_CAPTURE_AUTORELEASING = YES;
				CLANG_WARN_BOOL_CONVERSION = YES;
				CLANG_WARN_COMMA = YES;
				CLANG_WARN_CONSTANT_CONVERSION = YES;
				CLANG_WARN_DEPRECATED_OBJC_IMPLEMENTATIONS = YES;
				CLANG_WARN_DIRECT_OBJC_ISA_USAGE = YES_ERROR;
				CLANG_WARN_DOCUMENTATION_COMMENTS = YES;
				CLANG_WARN_EMPTY_BODY = YES;
				CLANG_WARN_ENUM_CONVERSION = YES;
				CLANG_WARN_INFINITE_RECURSION = YES;
				CLANG_WARN_INT_CONVERSION = YES;
				CLANG_WARN_NON_LITERAL_NULL_CONVERSION = YES;
				CLANG_WARN_OBJC_IMPLICIT_RETAIN_SELF = YES;
				CLANG_WARN_OBJC_LITERAL_CONVERSION = YES;
				CLANG_WARN_OBJC_ROOT_CLASS = YES_ERROR;
				CLANG_WARN_QUOTED_INCLUDE_IN_FRAMEWORK_HEADER = YES;
				CLANG_WARN_RANGE_LOOP_ANALYSIS = YES;
				CLANG_WARN_STRICT_PROTOTYPES = YES;
				CLANG_WARN_SUSPICIOUS_MOVE = YES;
				CLANG_WARN_UNGUARDED_AVAILABILITY = YES_AGGRESSIVE;
				CLANG_WARN_UNREACHABLE_CODE = YES;
				CLANG_WARN__DUPLICATE_METHOD_MATCH = YES;
				COPY_PHASE_STRIP = NO;
				DEBUG_INFORMATION_FORMAT = dwarf;
				ENABLE_STRICT_OBJC_MSGSEND = YES;
				ENABLE_TESTABILITY = YES;
				ENABLE_USER_SCRIPT_SANDBOXING = YES;
				GCC_C_LANGUAGE_STANDARD = gnu17;
				GCC_DYNAMIC_NO_PIC = NO;
				GCC_NO_COMMON_BLOCKS = YES;
				GCC_OPTIMIZATION_LEVEL = 0;
				GCC_PREPROCESSOR_DEFINITIONS = (
					"DEBUG=1",
					"$(inherited)",
				);
				GCC_WARN_64_TO_32_BIT_CONVERSION = YES;
				GCC_WARN_ABOUT_RETURN_TYPE = YES_ERROR;
				GCC_WARN_UNDECLARED_SELECTOR = YES;
				GCC_WARN_UNINITIALIZED_AUTOS = YES_AGGRESSIVE;
				GCC_WARN_UNUSED_FUNCTION = YES;
				GCC_WARN_UNUSED_VARIABLE = YES;
				LOCALIZATION_PREFERS_STRING_CATALOGS = YES;
				MACOSX_DEPLOYMENT_TARGET = 14.2;
				MTL_ENABLE_DEBUG_INFO = INCLUDE_SOURCE;
				MTL_FAST_MATH = YES;
				ONLY_ACTIVE_ARCH = YES;
				SDKROOT = macosx;
				SWIFT_ACTIVE_COMPILATION_CONDITIONS = "DEBUG $(inherited)";
				SWIFT_OPTIMIZATION_LEVEL = "-Onone";
			};
			name = Debug;
		};
		D21CC9452B8D70DE00A91864 /* Release */ = {
			isa = XCBuildConfiguration;
			buildSettings = {
				ALWAYS_SEARCH_USER_PATHS = NO;
				ASSETCATALOG_COMPILER_GENERATE_SWIFT_ASSET_SYMBOL_EXTENSIONS = YES;
				CLANG_ANALYZER_NONNULL = YES;
				CLANG_ANALYZER_NUMBER_OBJECT_CONVERSION = YES_AGGRESSIVE;
				CLANG_CXX_LANGUAGE_STANDARD = "gnu++20";
				CLANG_ENABLE_MODULES = YES;
				CLANG_ENABLE_OBJC_ARC = YES;
				CLANG_ENABLE_OBJC_WEAK = YES;
				CLANG_WARN_BLOCK_CAPTURE_AUTORELEASING = YES;
				CLANG_WARN_BOOL_CONVERSION = YES;
				CLANG_WARN_COMMA = YES;
				CLANG_WARN_CONSTANT_CONVERSION = YES;
				CLANG_WARN_DEPRECATED_OBJC_IMPLEMENTATIONS = YES;
				CLANG_WARN_DIRECT_OBJC_ISA_USAGE = YES_ERROR;
				CLANG_WARN_DOCUMENTATION_COMMENTS = YES;
				CLANG_WARN_EMPTY_BODY = YES;
				CLANG_WARN_ENUM_CONVERSION = YES;
				CLANG_WARN_INFINITE_RECURSION = YES;
				CLANG_WARN_INT_CONVERSION = YES;
				CLANG_WARN_NON_LITERAL_NULL_CONVERSION = YES;
				CLANG_WARN_OBJC_IMPLICIT_RETAIN_SELF = YES;
				CLANG_WARN_OBJC_LITERAL_CONVERSION = YES;
				CLANG_WARN_OBJC_ROOT_CLASS = YES_ERROR;
				CLANG_WARN_QUOTED_INCLUDE_IN_FRAMEWORK_HEADER = YES;
				CLANG_WARN_RANGE_LOOP_ANALYSIS = YES;
				CLANG_WARN_STRICT_PROTOTYPES = YES;
				CLANG_WARN_SUSPICIOUS_MOVE = YES;
				CLANG_WARN_UNGUARDED_AVAILABILITY = YES_AGGRESSIVE;
				CLANG_WARN_UNREACHABLE_CODE = YES;
				CLANG_WARN__DUPLICATE_METHOD_MATCH = YES;
				COPY_PHASE_STRIP = NO;
				DEBUG_INFORMATION_FORMAT = "dwarf-with-dsym";
				ENABLE_NS_ASSERTIONS = NO;
				ENABLE_STRICT_OBJC_MSGSEND = YES;
				ENABLE_USER_SCRIPT_SANDBOXING = YES;
				GCC_C_LANGUAGE_STANDARD = gnu17;
				GCC_NO_COMMON_BLOCKS = YES;
				GCC_WARN_64_TO_32_BIT_CONVERSION = YES;
				GCC_WARN_ABOUT_RETURN_TYPE = YES_ERROR;
				GCC_WARN_UNDECLARED_SELECTOR = YES;
				GCC_WARN_UNINITIALIZED_AUTOS = YES_AGGRESSIVE;
				GCC_WARN_UNUSED_FUNCTION = YES;
				GCC_WARN_UNUSED_VARIABLE = YES;
				LOCALIZATION_PREFERS_STRING_CATALOGS = YES;
				MACOSX_DEPLOYMENT_TARGET = 14.2;
				MTL_ENABLE_DEBUG_INFO = NO;
				MTL_FAST_MATH = YES;
				SDKROOT = macosx;
				SWIFT_COMPILATION_MODE = wholemodule;
			};
			name = Release;
		};
		D21CC9472B8D70DE00A91864 /* Debug */ = {
			isa = XCBuildConfiguration;
			buildSettings = {
				ASSETCATALOG_COMPILER_APPICON_NAME = AppIcon;
				ASSETCATALOG_COMPILER_GLOBAL_ACCENT_COLOR_NAME = AccentColor;
				CODE_SIGN_ENTITLEMENTS = Kakeibo/Kakeibo.entitlements;
				CODE_SIGN_STYLE = Automatic;
				COMBINE_HIDPI_IMAGES = YES;
				CURRENT_PROJECT_VERSION = 1;
				DEVELOPMENT_ASSET_PATHS = "\"Kakeibo/Preview Content\"";
				DEVELOPMENT_TEAM = WFCKBPMR9P;
				ENABLE_HARDENED_RUNTIME = YES;
				ENABLE_PREVIEWS = YES;
				GENERATE_INFOPLIST_FILE = YES;
				INFOPLIST_KEY_NSHumanReadableCopyright = "";
				LD_RUNPATH_SEARCH_PATHS = (
					"$(inherited)",
					"@executable_path/../Frameworks",
				);
				MACOSX_DEPLOYMENT_TARGET = 14.0;
				MARKETING_VERSION = 1.0;
				PRODUCT_BUNDLE_IDENTIFIER = com.nanasoft.practice.Kakeibo;
				PRODUCT_NAME = "$(TARGET_NAME)";
				SWIFT_EMIT_LOC_STRINGS = YES;
				SWIFT_VERSION = 5.0;
			};
			name = Debug;
		};
		D21CC9482B8D70DE00A91864 /* Release */ = {
			isa = XCBuildConfiguration;
			buildSettings = {
				ASSETCATALOG_COMPILER_APPICON_NAME = AppIcon;
				ASSETCATALOG_COMPILER_GLOBAL_ACCENT_COLOR_NAME = AccentColor;
				CODE_SIGN_ENTITLEMENTS = Kakeibo/Kakeibo.entitlements;
				CODE_SIGN_STYLE = Automatic;
				COMBINE_HIDPI_IMAGES = YES;
				CURRENT_PROJECT_VERSION = 1;
				DEVELOPMENT_ASSET_PATHS = "\"Kakeibo/Preview Content\"";
				DEVELOPMENT_TEAM = WFCKBPMR9P;
				ENABLE_HARDENED_RUNTIME = YES;
				ENABLE_PREVIEWS = YES;
				GENERATE_INFOPLIST_FILE = YES;
				INFOPLIST_KEY_NSHumanReadableCopyright = "";
				LD_RUNPATH_SEARCH_PATHS = (
					"$(inherited)",
					"@executable_path/../Frameworks",
				);
				MACOSX_DEPLOYMENT_TARGET = 14.0;
				MARKETING_VERSION = 1.0;
				PRODUCT_BUNDLE_IDENTIFIER = com.nanasoft.practice.Kakeibo;
				PRODUCT_NAME = "$(TARGET_NAME)";
				SWIFT_EMIT_LOC_STRINGS = YES;
				SWIFT_VERSION = 5.0;
			};
			name = Release;
		};
		D21CC94A2B8D70DE00A91864 /* Debug */ = {
			isa = XCBuildConfiguration;
			buildSettings = {
				ALWAYS_EMBED_SWIFT_STANDARD_LIBRARIES = YES;
				BUNDLE_LOADER = "$(TEST_HOST)";
				CODE_SIGN_STYLE = Automatic;
				CURRENT_PROJECT_VERSION = 1;
				DEVELOPMENT_TEAM = WFCKBPMR9P;
				GENERATE_INFOPLIST_FILE = YES;
				MACOSX_DEPLOYMENT_TARGET = 14.0;
				MARKETING_VERSION = 1.0;
				PRODUCT_BUNDLE_IDENTIFIER = com.nanasoft.practice.KakeiboTests;
				PRODUCT_NAME = "$(TARGET_NAME)";
				SWIFT_EMIT_LOC_STRINGS = NO;
				SWIFT_VERSION = 5.0;
				TEST_HOST = "$(BUILT_PRODUCTS_DIR)/Kakeibo.app/$(BUNDLE_EXECUTABLE_FOLDER_PATH)/Kakeibo";
			};
			name = Debug;
		};
		D21CC94B2B8D70DE00A91864 /* Release */ = {
			isa = XCBuildConfiguration;
			buildSettings = {
				ALWAYS_EMBED_SWIFT_STANDARD_LIBRARIES = YES;
				BUNDLE_LOADER = "$(TEST_HOST)";
				CODE_SIGN_STYLE = Automatic;
				CURRENT_PROJECT_VERSION = 1;
				DEVELOPMENT_TEAM = WFCKBPMR9P;
				GENERATE_INFOPLIST_FILE = YES;
				MACOSX_DEPLOYMENT_TARGET = 14.0;
				MARKETING_VERSION = 1.0;
				PRODUCT_BUNDLE_IDENTIFIER = com.nanasoft.practice.KakeiboTests;
				PRODUCT_NAME = "$(TARGET_NAME)";
				SWIFT_EMIT_LOC_STRINGS = NO;
				SWIFT_VERSION = 5.0;
				TEST_HOST = "$(BUILT_PRODUCTS_DIR)/Kakeibo.app/$(BUNDLE_EXECUTABLE_FOLDER_PATH)/Kakeibo";
			};
			name = Release;
		};
		D21CC94D2B8D70DE00A91864 /* Debug */ = {
			isa = XCBuildConfiguration;
			buildSettings = {
				ALWAYS_EMBED_SWIFT_STANDARD_LIBRARIES = YES;
				CODE_SIGN_STYLE = Automatic;
				CURRENT_PROJECT_VERSION = 1;
				DEVELOPMENT_TEAM = WFCKBPMR9P;
				GENERATE_INFOPLIST_FILE = YES;
				MARKETING_VERSION = 1.0;
				PRODUCT_BUNDLE_IDENTIFIER = com.nanasoft.practice.KakeiboUITests;
				PRODUCT_NAME = "$(TARGET_NAME)";
				SWIFT_EMIT_LOC_STRINGS = NO;
				SWIFT_VERSION = 5.0;
				TEST_TARGET_NAME = Kakeibo;
			};
			name = Debug;
		};
		D21CC94E2B8D70DE00A91864 /* Release */ = {
			isa = XCBuildConfiguration;
			buildSettings = {
				ALWAYS_EMBED_SWIFT_STANDARD_LIBRARIES = YES;
				CODE_SIGN_STYLE = Automatic;
				CURRENT_PROJECT_VERSION = 1;
				DEVELOPMENT_TEAM = WFCKBPMR9P;
				GENERATE_INFOPLIST_FILE = YES;
				MARKETING_VERSION = 1.0;
				PRODUCT_BUNDLE_IDENTIFIER = com.nanasoft.practice.KakeiboUITests;
				PRODUCT_NAME = "$(TARGET_NAME)";
				SWIFT_EMIT_LOC_STRINGS = NO;
				SWIFT_VERSION = 5.0;
				TEST_TARGET_NAME = Kakeibo;
			};
			name = Release;
		};
/* End XCBuildConfiguration section */

/* Begin XCConfigurationList section */
		D21CC91A2B8D70DA00A91864 /* Build configuration list for PBXProject "Kakeibo" */ = {
			isa = XCConfigurationList;
			buildConfigurations = (
				D21CC9442B8D70DE00A91864 /* Debug */,
				D21CC9452B8D70DE00A91864 /* Release */,
			);
			defaultConfigurationIsVisible = 0;
			defaultConfigurationName = Release;
		};
		D21CC9462B8D70DE00A91864 /* Build configuration list for PBXNativeTarget "Kakeibo" */ = {
			isa = XCConfigurationList;
			buildConfigurations = (
				D21CC9472B8D70DE00A91864 /* Debug */,
				D21CC9482B8D70DE00A91864 /* Release */,
			);
			defaultConfigurationIsVisible = 0;
			defaultConfigurationName = Release;
		};
		D21CC9492B8D70DE00A91864 /* Build configuration list for PBXNativeTarget "KakeiboTests" */ = {
			isa = XCConfigurationList;
			buildConfigurations = (
				D21CC94A2B8D70DE00A91864 /* Debug */,
				D21CC94B2B8D70DE00A91864 /* Release */,
			);
			defaultConfigurationIsVisible = 0;
			defaultConfigurationName = Release;
		};
		D21CC94C2B8D70DE00A91864 /* Build configuration list for PBXNativeTarget "KakeiboUITests" */ = {
			isa = XCConfigurationList;
			buildConfigurations = (
				D21CC94D2B8D70DE00A91864 /* Debug */,
				D21CC94E2B8D70DE00A91864 /* Release */,
			);
			defaultConfigurationIsVisible = 0;
			defaultConfigurationName = Release;
		};
/* End XCConfigurationList section */
	};
	rootObject = D21CC9172B8D70DA00A91864 /* Project object */;
}
